
Microsoft Visual Studio Solution File, Format Version 12.00
# Visual Studio Version 17
VisualStudioVersion = 17.7.34221.43
MinimumVisualStudioVersion = 10.0.40219.1
Project("{FAE04EC0-301F-11D3-BF4B-00C04F79EFBC}") = "StarOcean2", "StarOcean2\StarOcean2.csproj", "{142EC060-530C-47A6-9D45-936787AF3422}"
EndProject
Global
	GlobalSection(SolutionConfigurationPlatforms) = preSolution
		Debug|Any CPU = Debug|Any CPU
		Release|Any CPU = Release|Any CPU
	EndGlobalSection
	GlobalSection(ProjectConfigurationPlatforms) = postSolution
		{142EC060-530C-47A6-9D45-936787AF3422}.Debug|Any CPU.ActiveCfg = Debug|Any CPU
		{142EC060-530C-47A6-9D45-936787AF3422}.Debug|Any CPU.Build.0 = Debug|Any CPU
		{142EC060-530C-47A6-9D45-936787AF3422}.Release|Any CPU.ActiveCfg = Release|Any CPU
		{142EC060-530C-47A6-9D45-936787AF3422}.Release|Any CPU.Build.0 = Release|Any CPU
	EndGlobalSection
	GlobalSection(SolutionProperties) = preSolution
		HideSolutionNode = FALSE
	EndGlobalSection
	GlobalSection(ExtensibilityGlobals) = postSolution
		SolutionGuid = {2BA4CBA4-D3DF-499C-A35F-AE238587C0AF}
	EndGlobalSection
EndGlobal
